
Microsoft Visual Studio Solution File, Format Version 12.00
# Visual Studio Version 17
VisualStudioVersion = 17.6.33829.357
MinimumVisualStudioVersion = 10.0.40219.1
Project("{FAE04EC0-301F-11D3-BF4B-00C04F79EFBC}") = "Api", "Api\Api.csproj", "{FD918340-99CC-4B44-8592-CD859A7A4E2D}"
EndProject
Project("{FAE04EC0-301F-11D3-BF4B-00C04F79EFBC}") = "Domain", "Domain\Domain.csproj", "{0D8E76CE-0140-47F8-8B3B-F4FC698EE72C}"
EndProject
Project("{FAE04EC0-301F-11D3-BF4B-00C04F79EFBC}") = "Test.Domain", "Test.Domain\Test.Domain.csproj", "{FA0DA218-38C6-4354-B06A-857C2AE3000A}"
EndProject
Global
	GlobalSection(SolutionConfigurationPlatforms) = preSolution
		Debug|Any CPU = Debug|Any CPU
		Release|Any CPU = Release|Any CPU
	EndGlobalSection
	GlobalSection(ProjectConfigurationPlatforms) = postSolution
		{FD918340-99CC-4B44-8592-CD859A7A4E2D}.Debug|Any CPU.ActiveCfg = Debug|Any CPU
		{FD918340-99CC-4B44-8592-CD859A7A4E2D}.Debug|Any CPU.Build.0 = Debug|Any CPU
		{FD918340-99CC-4B44-8592-CD859A7A4E2D}.Release|Any CPU.ActiveCfg = Release|Any CPU
		{FD918340-99CC-4B44-8592-CD859A7A4E2D}.Release|Any CPU.Build.0 = Release|Any CPU
		{0D8E76CE-0140-47F8-8B3B-F4FC698EE72C}.Debug|Any CPU.ActiveCfg = Debug|Any CPU
		{0D8E76CE-0140-47F8-8B3B-F4FC698EE72C}.Debug|Any CPU.Build.0 = Debug|Any CPU
		{0D8E76CE-0140-47F8-8B3B-F4FC698EE72C}.Release|Any CPU.ActiveCfg = Release|Any CPU
		{0D8E76CE-0140-47F8-8B3B-F4FC698EE72C}.Release|Any CPU.Build.0 = Release|Any CPU
		{FA0DA218-38C6-4354-B06A-857C2AE3000A}.Debug|Any CPU.ActiveCfg = Debug|Any CPU
		{FA0DA218-38C6-4354-B06A-857C2AE3000A}.Debug|Any CPU.Build.0 = Debug|Any CPU
		{FA0DA218-38C6-4354-B06A-857C2AE3000A}.Release|Any CPU.ActiveCfg = Release|Any CPU
		{FA0DA218-38C6-4354-B06A-857C2AE3000A}.Release|Any CPU.Build.0 = Release|Any CPU
	EndGlobalSection
	GlobalSection(SolutionProperties) = preSolution
		HideSolutionNode = FALSE
	EndGlobalSection
	GlobalSection(ExtensibilityGlobals) = postSolution
		SolutionGuid = {7E72F849-0FBA-47C8-8F35-5E89BEB994DD}
	EndGlobalSection
EndGlobal
